
Microsoft Visual Studio Solution File, Format Version 10.00
# Visual Studio 2008
Project("{FAE04EC0-301F-11D3-BF4B-00C04F79EFBC}") = "ThirtyPoints.MultiFormPoster", "ThirtyPoints.MultiFormPoster\ThirtyPoints.MultiFormPoster.csproj", "{07767168-0648-447C-AED7-78466194D29B}"
EndProject
Global
	GlobalSection(SolutionConfigurationPlatforms) = preSolution
		Debug|Any CPU = Debug|Any CPU
		Release|Any CPU = Release|Any CPU
	EndGlobalSection
	GlobalSection(ProjectConfigurationPlatforms) = postSolution
		{07767168-0648-447C-AED7-78466194D29B}.Debug|Any CPU.ActiveCfg = Debug|Any CPU
		{07767168-0648-447C-AED7-78466194D29B}.Debug|Any CPU.Build.0 = Debug|Any CPU
		{07767168-0648-447C-AED7-78466194D29B}.Release|Any CPU.ActiveCfg = Release|Any CPU
		{07767168-0648-447C-AED7-78466194D29B}.Release|Any CPU.Build.0 = Release|Any CPU
	EndGlobalSection
	GlobalSection(SolutionProperties) = preSolution
		HideSolutionNode = FALSE
	EndGlobalSection
EndGlobal
